PATH
  remote: ../cloud-blog-collector
  specs:
    cloud_blog_collector (0.0.1)
      faraday
      nokogiri
      rss

PATH
  remote: ../ruby-knowledge-store
  specs:
    ruby_knowledge_store (0.1.0)

GEM
  remote: https://rubygems.org/
  specs:
    addressable (2.9.0)
      public_suffix (>= 2.0.2, < 8.0)
    bigdecimal (4.1.1)
    faraday (2.14.1)
      faraday-net_http (>= 2.0, < 3.5)
      json
      logger
    faraday-net_http (3.4.2)
      net-http (~> 0.5)
    ffi (1.17.4-arm64-darwin)
    ffi (1.17.4-x86_64-darwin)
    ffi (1.17.4-x86_64-linux-gnu)
    ffi (1.17.4-x86_64-linux-musl)
    informers (1.3.0)
      onnxruntime (>= 0.9)
      tokenizers (>= 0.6)
    json (2.19.3)
    json-schema (6.2.0)
      addressable (~> 2.8)
      bigdecimal (>= 3.1, < 5)
    logger (1.7.0)
    mcp (0.13.0)
      json-schema (>= 4.1)
    net-http (0.9.1)
      uri (>= 0.11.1)
    nokogiri (1.19.2-arm64-darwin)
      racc (~> 1.4)
    nokogiri (1.19.2-x86_64-darwin)
      racc (~> 1.4)
    nokogiri (1.19.2-x86_64-linux-gnu)
      racc (~> 1.4)
    nokogiri (1.19.2-x86_64-linux-musl)
      racc (~> 1.4)
    onnxruntime (0.11.1-arm64-darwin)
      ffi
    onnxruntime (0.11.1-x86_64-darwin)
      ffi
    onnxruntime (0.11.1-x86_64-linux)
      ffi
    power_assert (3.0.1)
    public_suffix (7.0.5)
    racc (1.8.1)
    rake (13.4.2)
    rexml (3.4.4)
    rss (0.3.2)
      rexml
    sqlite-vec (0.1.9-arm64-darwin)
    sqlite-vec (0.1.9-x86_64-darwin)
    sqlite-vec (0.1.9-x86_64-linux)
    sqlite3 (2.9.3-arm64-darwin)
    sqlite3 (2.9.3-x86_64-darwin)
    sqlite3 (2.9.3-x86_64-linux-gnu)
    sqlite3 (2.9.3-x86_64-linux-musl)
    test-unit (3.7.7)
      power_assert
    tokenizers (0.6.4-arm64-darwin)
    tokenizers (0.6.4-x86_64-darwin)
    tokenizers (0.6.4-x86_64-linux)
    tokenizers (0.6.4-x86_64-linux-musl)
    uri (1.1.1)

PLATFORMS
  arm64-darwin
  x86_64-darwin
  x86_64-linux
  x86_64-linux-gnu
  x86_64-linux-musl

DEPENDENCIES
  cloud_blog_collector!
  faraday
  informers
  mcp
  nokogiri
  rake
  rss
  ruby_knowledge_store!
  sqlite-vec
  sqlite3
  test-unit

CHECKSUMS
  addressable (2.9.0) sha256=7fdf6ac3660f7f4e867a0838be3f6cf722ace541dd97767fa42bc6cfa980c7af
  bigdecimal (4.1.1) sha256=1c09efab961da45203c8316b0cdaec0ff391dfadb952dd459584b63ebf8054ca
  cloud_blog_collector (0.0.1)
  faraday (2.14.1) sha256=a43cceedc1e39d188f4d2cdd360a8aaa6a11da0c407052e426ba8d3fb42ef61c
  faraday-net_http (3.4.2) sha256=f147758260d3526939bf57ecf911682f94926a3666502e24c69992765875906c
  ffi (1.17.4-arm64-darwin) sha256=19071aaf1419251b0a46852abf960e77330a3b334d13a4ab51d58b31a937001b
  ffi (1.17.4-x86_64-darwin) sha256=aa70390523cf3235096cf64962b709b4cfbd5c082a2cb2ae714eb0fe2ccda496
  ffi (1.17.4-x86_64-linux-gnu) sha256=9d3db14c2eae074b382fa9c083fe95aec6e0a1451da249eab096c34002bc752d
  ffi (1.17.4-x86_64-linux-musl) sha256=3fdf9888483de005f8ef8d1cf2d3b20d86626af206cbf780f6a6a12439a9c49e
  informers (1.3.0) sha256=7d8ea9f6c32ecd4519ccbf8b2d89e9ecfa7c7916700020926c21926d6506de83
  json (2.19.3) sha256=289b0bb53052a1fa8c34ab33cc750b659ba14a5c45f3fcf4b18762dc67c78646
  json-schema (6.2.0) sha256=e8bff46ed845a22c1ab2bd0d7eccf831c01fe23bb3920caa4c74db4306813666
  logger (1.7.0) sha256=196edec7cc44b66cfb40f9755ce11b392f21f7967696af15d274dde7edff0203
  mcp (0.13.0) sha256=8e5e72ec9cc8d37b048e41a4b469689c5897b4768843ef8e5eb36fa8897eb1d5
  net-http (0.9.1) sha256=25ba0b67c63e89df626ed8fac771d0ad24ad151a858af2cc8e6a716ca4336996
  nokogiri (1.19.2-arm64-darwin) sha256=58d8ea2e31a967b843b70487a44c14c8ba1866daa1b9da9be9dbdf1b43dee205
  nokogiri (1.19.2-x86_64-darwin) sha256=7d9af11fda72dfaa2961d8c4d5380ca0b51bc389dc5f8d4b859b9644f195e7a4
  nokogiri (1.19.2-x86_64-linux-gnu) sha256=fa8feca882b73e871a9845f3817a72e9734c8e974bdc4fbad6e4bc6e8076b94f
  nokogiri (1.19.2-x86_64-linux-musl) sha256=93128448e61a9383a30baef041bf1f5817e22f297a1d400521e90294445069a8
  onnxruntime (0.11.1-arm64-darwin) sha256=6d205e1adfcb77f0330b46ea9dcd3da9199034408dd5f58d56afca8e70fb686c
  onnxruntime (0.11.1-x86_64-darwin) sha256=acdcbfbc937273fb27fd98587fde18199bb03dcd525f2da5324da42c97631eb9
  onnxruntime (0.11.1-x86_64-linux) sha256=90a47c9ab70103cdd4dd2b99b5179dfed909b44ceb77a1cf076e9dcff925079c
  power_assert (3.0.1) sha256=8ce9876716cc74e863fcd4cdcdc52d792bd983598d1af3447083a3a9a4d34103
  public_suffix (7.0.5) sha256=1a8bb08f1bbea19228d3bed6e5ed908d1cb4f7c2726d18bd9cadf60bc676f623
  racc (1.8.1) sha256=4a7f6929691dbec8b5209a0b373bc2614882b55fc5d2e447a21aaa691303d62f
  rake (13.4.2) sha256=cb825b2bd5f1f8e91ca37bddb4b9aaf345551b4731da62949be002fa89283701
  rexml (3.4.4) sha256=19e0a2c3425dfbf2d4fc1189747bdb2f849b6c5e74180401b15734bc97b5d142
  rss (0.3.2) sha256=3bd0446d32d832cda00ba07f4b179401f903b52ea1fdaac0f1f08de61a501efa
  ruby_knowledge_store (0.1.0)
  sqlite-vec (0.1.9-arm64-darwin) sha256=f319ab08757741811c6f2f7d2b58c1b9009460e899e1b69d99fdab288286d9bf
  sqlite-vec (0.1.9-x86_64-darwin) sha256=8a8d16c86c8d011359b0ab6f933dc9859f1cc265be6a8a9ac20ecd06cb3b8d32
  sqlite-vec (0.1.9-x86_64-linux) sha256=772389c3bf68e7976cfdd8e7c74e820245007e03294808b9b05cdbbf5b02f398
  sqlite3 (2.9.3-arm64-darwin) sha256=76b265d3d57362d3e38338f24f50a0c9cd47a4599c9cfbb578fac125d2299906
  sqlite3 (2.9.3-x86_64-darwin) sha256=087e7cc4efc73d83e76354f028c4d1dc14552a05acc74f60e77a55f1bee6ef22
  sqlite3 (2.9.3-x86_64-linux-gnu) sha256=85200a10c6cf5c60085fcca411a3168c5fba8fda3e2b1b0109ec277d7c226d46
  sqlite3 (2.9.3-x86_64-linux-musl) sha256=b6d0437046d9180335dea1aa0592802e65c4f7b57409d63f14408211bf28536b
  test-unit (3.7.7) sha256=3c89d5ff0690a16bef9946156c4624390402b9d54dfcf4ce9cbd5b06bead1e45
  tokenizers (0.6.4-arm64-darwin) sha256=ab123cb46e8df7e118bee0833d0bc21d4004a0d39816c0def56503be59de26c3
  tokenizers (0.6.4-x86_64-darwin) sha256=102b143e71e59bc7ff29e5920f356ad74bbc941ae2d4e3a495ee92311ace7394
  tokenizers (0.6.4-x86_64-linux) sha256=cdec6e5b007d73de094cdc7e097e4ab9a545f37f9c30e376a53800c3a552a447
  tokenizers (0.6.4-x86_64-linux-musl) sha256=588031377e3f586b66687fc9dc59f901dea47d863733d871bf6801657e312c72
  uri (1.1.1) sha256=379fa58d27ffb1387eaada68c749d1426738bd0f654d812fcc07e7568f5c57c6

RUBY VERSION
  ruby 4.0.1

BUNDLED WITH
  4.0.3
